
Microsoft Visual Studio Solution File, Format Version 12.00
# Visual Studio Version 17
VisualStudioVersion = 17.11.34929.205
MinimumVisualStudioVersion = 15.0.26124.0
Project("{2150E333-8FDC-42A3-9474-1A3956D46DE8}") = "src", "src", "{63945976-BD2B-4C66-B9C3-BABAD538837D}"
EndProject
Project("{2150E333-8FDC-42A3-9474-1A3956D46DE8}") = "is-nova", "is-nova", "{43CBBAFA-4AFB-4951-BF35-7EBFCC9187D1}"
EndProject
Project("{9A19103F-16F7-4668-BE54-9A1E7A4F7556}") = "IdentityServer", "src\is-nova\IdentityServer\IdentityServer.csproj", "{1D3C7B30-A456-48E7-AA64-88DA5DBFE9AA}"
EndProject
Project("{9A19103F-16F7-4668-BE54-9A1E7A4F7556}") = "IdentityServer.Nova", "src\libs\IdentityServer.Nova\IdentityServer.Nova.csproj", "{846E4ABE-5CBA-43B3-9593-C9692DEB9647}"
EndProject
Project("{9A19103F-16F7-4668-BE54-9A1E7A4F7556}") = "IdentityServer.Nova.MongoDb", "src\libs\IdentityServer.Nova.MongoDb\IdentityServer.Nova.MongoDb.csproj", "{02AEB557-11B0-430C-98A7-3FB934D35B68}"
EndProject
Project("{9A19103F-16F7-4668-BE54-9A1E7A4F7556}") = "IdentityServer.Nova.Azure", "src\libs\IdentityServer.Nova.Azure\IdentityServer.Nova.Azure.csproj", "{1A265B1B-C54C-4E63-898B-69CFA7A22091}"
EndProject
Project("{9A19103F-16F7-4668-BE54-9A1E7A4F7556}") = "IdentityServer.Nova.Extensions", "src\nuget\IdentityServer.Nova.Extensions\IdentityServer.Nova.Extensions.csproj", "{E2C14877-B80A-4C51-9273-E3A66FEFD823}"
EndProject
Project("{9A19103F-16F7-4668-BE54-9A1E7A4F7556}") = "IdentityServer.Nova.Clients", "src\nuget\IdentityServer.Nova.Clients\IdentityServer.Nova.Clients.csproj", "{4B738C15-EA7B-4976-AF5F-0FC19193DBF6}"
EndProject
Project("{9A19103F-16F7-4668-BE54-9A1E7A4F7556}") = "IdentityServer.Nova.CaptchaRenderers", "src\libs\IdentityServer.Nova.CaptchaRenderers\IdentityServer.Nova.CaptchaRenderers.csproj", "{313E4C0C-291A-440B-9524-0580A8FDC963}"
EndProject
Project("{2150E333-8FDC-42A3-9474-1A3956D46DE8}") = "libs-is4", "libs-is4", "{5B804D2B-A7F3-463E-9B02-5B71DAE7A4FE}"
EndProject
Project("{9A19103F-16F7-4668-BE54-9A1E7A4F7556}") = "IdentityServer4", "src\libs-is4\IdentityServer4\src\IdentityServer4.csproj", "{E55904B9-F8CC-48B6-89C2-051CEFEDA7F5}"
EndProject
Project("{9A19103F-16F7-4668-BE54-9A1E7A4F7556}") = "IdentityServer4.Storage", "src\libs-is4\Storage\src\IdentityServer4.Storage.csproj", "{151E620E-392C-495C-9D67-1EEAF8FFB07B}"
EndProject
Project("{9A19103F-16F7-4668-BE54-9A1E7A4F7556}") = "IdentityServer4.AspNetIdentity", "src\libs-is4\AspNetIdentity\src\IdentityServer4.AspNetIdentity.csproj", "{07F59521-DCCD-4273-9513-8CC7DAA7DF94}"
EndProject
Project("{9A19103F-16F7-4668-BE54-9A1E7A4F7556}") = "IdentityServer.Nova.LiteDb", "src\libs\IdentityServer.Nova.LiteDb\IdentityServer.Nova.LiteDb.csproj", "{3AC72CBE-D144-4A3F-A6AF-444D9BAB72DF}"
EndProject
Project("{9A19103F-16F7-4668-BE54-9A1E7A4F7556}") = "IdentityServer.Nova.ServerExtension.Default", "src\libs\IdentityServer.Nova.ServerExtension.Default\IdentityServer.Nova.ServerExtension.Default.csproj", "{9837099B-A5FB-4CAC-AD6C-5C419D7A4319}"
EndProject
Project("{9A19103F-16F7-4668-BE54-9A1E7A4F7556}") = "IdentityServer.Nova.Abstractions", "src\libs\IdentityServer.Nova.Abstractions\IdentityServer.Nova.Abstractions.csproj", "{A1EF539D-EBBE-476B-89C8-4E89078FAE1B}"
EndProject
Project("{9A19103F-16F7-4668-BE54-9A1E7A4F7556}") = "IdentityServer.Nova.Models", "src\libs\IdentityServer.Nova.Models\IdentityServer.Nova.Models.csproj", "{9BE087FF-8991-4ACD-B3E3-894C3CD691A5}"
EndProject
Project("{9A19103F-16F7-4668-BE54-9A1E7A4F7556}") = "IdentityServer.Nova.Extensions.DependencyInjection", "src\nuget\IdentityServer.Nova.Extensions.DependencyInjection\IdentityServer.Nova.Extensions.DependencyInjection.csproj", "{72926132-A7DA-4628-91D9-80E57A915945}"
EndProject
Project("{2150E333-8FDC-42A3-9474-1A3956D46DE8}") = "libs", "libs", "{B17CF63C-D4C7-4AE9-9BDA-44FC83BB3892}"
EndProject
Project("{2150E333-8FDC-42A3-9474-1A3956D46DE8}") = "nuget", "nuget", "{C98EEE0E-17AD-4B00-8F63-295212056AA7}"
EndProject
Project("{FAE04EC0-301F-11D3-BF4B-00C04F79EFBC}") = "IdentityServer.Nova.AppHost", "src\aspire\IdentityServer.Nova.AppHost\IdentityServer.Nova.AppHost.csproj", "{A196A419-9DCB-4616-BE3B-EF7B13BE9837}"
EndProject
Project("{FAE04EC0-301F-11D3-BF4B-00C04F79EFBC}") = "IdentityServer.Nova.ServiceDefaults", "src\aspire\IdentityServer.Nova.ServiceDefaults\IdentityServer.Nova.ServiceDefaults.csproj", "{8D899111-FE8F-42CC-BFC1-51D840D0603A}"
EndProject
Project("{2150E333-8FDC-42A3-9474-1A3956D46DE8}") = "aspire", "aspire", "{DAD130CC-CE20-40FB-88CF-AB55CC2B4CE7}"
EndProject
Project("{FAE04EC0-301F-11D3-BF4B-00C04F79EFBC}") = "Aspire.Hosting.IdentityServer.Nova", "src\nuget\Aspire.Hosting.IdentityServer.Nova\Aspire.Hosting.IdentityServer.Nova.csproj", "{9EA728DB-2C22-4880-B0DA-951171D0E83F}"
EndProject
Project("{FAE04EC0-301F-11D3-BF4B-00C04F79EFBC}") = "IdentityServer.Nova.Distribution", "src\nuget\IdentityServer.Nova.Distribution\IdentityServer.Nova.Distribution.csproj", "{DAB0F04D-0B0C-4DCE-8B35-E7ACF2E09D5E}"
EndProject
Project("{FAE04EC0-301F-11D3-BF4B-00C04F79EFBC}") = "IdentityServer.Nova.HttpProxy", "src\libs\IdentityServer.Nova.HttpProxy\IdentityServer.Nova.HttpProxy.csproj", "{65035E20-513C-4533-8763-677F5463AAC1}"
EndProject
Project("{FAE04EC0-301F-11D3-BF4B-00C04F79EFBC}") = "IdentityServer.DbContext", "src\is-nova\IdentityServer.DbContext\IdentityServer.DbContext.csproj", "{452516A0-915A-45D3-8629-8AC535044492}"
EndProject
Global
	GlobalSection(SolutionConfigurationPlatforms) = preSolution
		Debug|Any CPU = Debug|Any CPU
		Debug|x64 = Debug|x64
		Debug|x86 = Debug|x86
		Release|Any CPU = Release|Any CPU
		Release|x64 = Release|x64
		Release|x86 = Release|x86
	EndGlobalSection
	GlobalSection(ProjectConfigurationPlatforms) = postSolution
		{1D3C7B30-A456-48E7-AA64-88DA5DBFE9AA}.Debug|Any CPU.ActiveCfg = Debug|Any CPU
		{1D3C7B30-A456-48E7-AA64-88DA5DBFE9AA}.Debug|Any CPU.Build.0 = Debug|Any CPU
		{1D3C7B30-A456-48E7-AA64-88DA5DBFE9AA}.Debug|x64.ActiveCfg = Debug|Any CPU
		{1D3C7B30-A456-48E7-AA64-88DA5DBFE9AA}.Debug|x64.Build.0 = Debug|Any CPU
		{1D3C7B30-A456-48E7-AA64-88DA5DBFE9AA}.Debug|x86.ActiveCfg = Debug|Any CPU
		{1D3C7B30-A456-48E7-AA64-88DA5DBFE9AA}.Debug|x86.Build.0 = Debug|Any CPU
		{1D3C7B30-A456-48E7-AA64-88DA5DBFE9AA}.Release|Any CPU.ActiveCfg = Release|Any CPU
		{1D3C7B30-A456-48E7-AA64-88DA5DBFE9AA}.Release|Any CPU.Build.0 = Release|Any CPU
		{1D3C7B30-A456-48E7-AA64-88DA5DBFE9AA}.Release|x64.ActiveCfg = Release|Any CPU
		{1D3C7B30-A456-48E7-AA64-88DA5DBFE9AA}.Release|x64.Build.0 = Release|Any CPU
		{1D3C7B30-A456-48E7-AA64-88DA5DBFE9AA}.Release|x86.ActiveCfg = Release|Any CPU
		{1D3C7B30-A456-48E7-AA64-88DA5DBFE9AA}.Release|x86.Build.0 = Release|Any CPU
		{846E4ABE-5CBA-43B3-9593-C9692DEB9647}.Debug|Any CPU.ActiveCfg = Debug|Any CPU
		{846E4ABE-5CBA-43B3-9593-C9692DEB9647}.Debug|Any CPU.Build.0 = Debug|Any CPU
		{846E4ABE-5CBA-43B3-9593-C9692DEB9647}.Debug|x64.ActiveCfg = Debug|Any CPU
		{846E4ABE-5CBA-43B3-9593-C9692DEB9647}.Debug|x64.Build.0 = Debug|Any CPU
		{846E4ABE-5CBA-43B3-9593-C9692DEB9647}.Debug|x86.ActiveCfg = Debug|Any CPU
		{846E4ABE-5CBA-43B3-9593-C9692DEB9647}.Debug|x86.Build.0 = Debug|Any CPU
		{846E4ABE-5CBA-43B3-9593-C9692DEB9647}.Release|Any CPU.ActiveCfg = Release|Any CPU
		{846E4ABE-5CBA-43B3-9593-C9692DEB9647}.Release|Any CPU.Build.0 = Release|Any CPU
		{846E4ABE-5CBA-43B3-9593-C9692DEB9647}.Release|x64.ActiveCfg = Release|Any CPU
		{846E4ABE-5CBA-43B3-9593-C9692DEB9647}.Release|x64.Build.0 = Release|Any CPU
		{846E4ABE-5CBA-43B3-9593-C9692DEB9647}.Release|x86.ActiveCfg = Release|Any CPU
		{846E4ABE-5CBA-43B3-9593-C9692DEB9647}.Release|x86.Build.0 = Release|Any CPU
		{02AEB557-11B0-430C-98A7-3FB934D35B68}.Debug|Any CPU.ActiveCfg = Debug|Any CPU
		{02AEB557-11B0-430C-98A7-3FB934D35B68}.Debug|Any CPU.Build.0 = Debug|Any CPU
		{02AEB557-11B0-430C-98A7-3FB934D35B68}.Debug|x64.ActiveCfg = Debug|Any CPU
		{02AEB557-11B0-430C-98A7-3FB934D35B68}.Debug|x64.Build.0 = Debug|Any CPU
		{02AEB557-11B0-430C-98A7-3FB934D35B68}.Debug|x86.ActiveCfg = Debug|Any CPU
		{02AEB557-11B0-430C-98A7-3FB934D35B68}.Debug|x86.Build.0 = Debug|Any CPU
		{02AEB557-11B0-430C-98A7-3FB934D35B68}.Release|Any CPU.ActiveCfg = Release|Any CPU
		{02AEB557-11B0-430C-98A7-3FB934D35B68}.Release|Any CPU.Build.0 = Release|Any CPU
		{02AEB557-11B0-430C-98A7-3FB934D35B68}.Release|x64.ActiveCfg = Release|Any CPU
		{02AEB557-11B0-430C-98A7-3FB934D35B68}.Release|x64.Build.0 = Release|Any CPU
		{02AEB557-11B0-430C-98A7-3FB934D35B68}.Release|x86.ActiveCfg = Release|Any CPU
		{02AEB557-11B0-430C-98A7-3FB934D35B68}.Release|x86.Build.0 = Release|Any CPU
		{1A265B1B-C54C-4E63-898B-69CFA7A22091}.Debug|Any CPU.ActiveCfg = Debug|Any CPU
		{1A265B1B-C54C-4E63-898B-69CFA7A22091}.Debug|Any CPU.Build.0 = Debug|Any CPU
		{1A265B1B-C54C-4E63-898B-69CFA7A22091}.Debug|x64.ActiveCfg = Debug|Any CPU
		{1A265B1B-C54C-4E63-898B-69CFA7A22091}.Debug|x64.Build.0 = Debug|Any CPU
		{1A265B1B-C54C-4E63-898B-69CFA7A22091}.Debug|x86.ActiveCfg = Debug|Any CPU
		{1A265B1B-C54C-4E63-898B-69CFA7A22091}.Debug|x86.Build.0 = Debug|Any CPU
		{1A265B1B-C54C-4E63-898B-69CFA7A22091}.Release|Any CPU.ActiveCfg = Release|Any CPU
		{1A265B1B-C54C-4E63-898B-69CFA7A22091}.Release|Any CPU.Build.0 = Release|Any CPU
		{1A265B1B-C54C-4E63-898B-69CFA7A22091}.Release|x64.ActiveCfg = Release|Any CPU
		{1A265B1B-C54C-4E63-898B-69CFA7A22091}.Release|x64.Build.0 = Release|Any CPU
		{1A265B1B-C54C-4E63-898B-69CFA7A22091}.Release|x86.ActiveCfg = Release|Any CPU
		{1A265B1B-C54C-4E63-898B-69CFA7A22091}.Release|x86.Build.0 = Release|Any CPU
		{E2C14877-B80A-4C51-9273-E3A66FEFD823}.Debug|Any CPU.ActiveCfg = Debug|Any CPU
		{E2C14877-B80A-4C51-9273-E3A66FEFD823}.Debug|Any CPU.Build.0 = Debug|Any CPU
		{E2C14877-B80A-4C51-9273-E3A66FEFD823}.Debug|x64.ActiveCfg = Debug|Any CPU
		{E2C14877-B80A-4C51-9273-E3A66FEFD823}.Debug|x64.Build.0 = Debug|Any CPU
		{E2C14877-B80A-4C51-9273-E3A66FEFD823}.Debug|x86.ActiveCfg = Debug|Any CPU
		{E2C14877-B80A-4C51-9273-E3A66FEFD823}.Debug|x86.Build.0 = Debug|Any CPU
		{E2C14877-B80A-4C51-9273-E3A66FEFD823}.Release|Any CPU.ActiveCfg = Release|Any CPU
		{E2C14877-B80A-4C51-9273-E3A66FEFD823}.Release|Any CPU.Build.0 = Release|Any CPU
		{E2C14877-B80A-4C51-9273-E3A66FEFD823}.Release|x64.ActiveCfg = Release|Any CPU
		{E2C14877-B80A-4C51-9273-E3A66FEFD823}.Release|x64.Build.0 = Release|Any CPU
		{E2C14877-B80A-4C51-9273-E3A66FEFD823}.Release|x86.ActiveCfg = Release|Any CPU
		{E2C14877-B80A-4C51-9273-E3A66FEFD823}.Release|x86.Build.0 = Release|Any CPU
		{4B738C15-EA7B-4976-AF5F-0FC19193DBF6}.Debug|Any CPU.ActiveCfg = Debug|Any CPU
		{4B738C15-EA7B-4976-AF5F-0FC19193DBF6}.Debug|Any CPU.Build.0 = Debug|Any CPU
		{4B738C15-EA7B-4976-AF5F-0FC19193DBF6}.Debug|x64.ActiveCfg = Debug|Any CPU
		{4B738C15-EA7B-4976-AF5F-0FC19193DBF6}.Debug|x64.Build.0 = Debug|Any CPU
		{4B738C15-EA7B-4976-AF5F-0FC19193DBF6}.Debug|x86.ActiveCfg = Debug|Any CPU
		{4B738C15-EA7B-4976-AF5F-0FC19193DBF6}.Debug|x86.Build.0 = Debug|Any CPU
		{4B738C15-EA7B-4976-AF5F-0FC19193DBF6}.Release|Any CPU.ActiveCfg = Release|Any CPU
		{4B738C15-EA7B-4976-AF5F-0FC19193DBF6}.Release|Any CPU.Build.0 = Release|Any CPU
		{4B738C15-EA7B-4976-AF5F-0FC19193DBF6}.Release|x64.ActiveCfg = Release|Any CPU
		{4B738C15-EA7B-4976-AF5F-0FC19193DBF6}.Release|x64.Build.0 = Release|Any CPU
		{4B738C15-EA7B-4976-AF5F-0FC19193DBF6}.Release|x86.ActiveCfg = Release|Any CPU
		{4B738C15-EA7B-4976-AF5F-0FC19193DBF6}.Release|x86.Build.0 = Release|Any CPU
		{313E4C0C-291A-440B-9524-0580A8FDC963}.Debug|Any CPU.ActiveCfg = Debug|Any CPU
		{313E4C0C-291A-440B-9524-0580A8FDC963}.Debug|Any CPU.Build.0 = Debug|Any CPU
		{313E4C0C-291A-440B-9524-0580A8FDC963}.Debug|x64.ActiveCfg = Debug|Any CPU
		{313E4C0C-291A-440B-9524-0580A8FDC963}.Debug|x64.Build.0 = Debug|Any CPU
		{313E4C0C-291A-440B-9524-0580A8FDC963}.Debug|x86.ActiveCfg = Debug|Any CPU
		{313E4C0C-291A-440B-9524-0580A8FDC963}.Debug|x86.Build.0 = Debug|Any CPU
		{313E4C0C-291A-440B-9524-0580A8FDC963}.Release|Any CPU.ActiveCfg = Release|Any CPU
		{313E4C0C-291A-440B-9524-0580A8FDC963}.Release|Any CPU.Build.0 = Release|Any CPU
		{313E4C0C-291A-440B-9524-0580A8FDC963}.Release|x64.ActiveCfg = Release|Any CPU
		{313E4C0C-291A-440B-9524-0580A8FDC963}.Release|x64.Build.0 = Release|Any CPU
		{313E4C0C-291A-440B-9524-0580A8FDC963}.Release|x86.ActiveCfg = Release|Any CPU
		{313E4C0C-291A-440B-9524-0580A8FDC963}.Release|x86.Build.0 = Release|Any CPU
		{E55904B9-F8CC-48B6-89C2-051CEFEDA7F5}.Debug|Any CPU.ActiveCfg = Debug|Any CPU
		{E55904B9-F8CC-48B6-89C2-051CEFEDA7F5}.Debug|Any CPU.Build.0 = Debug|Any CPU
		{E55904B9-F8CC-48B6-89C2-051CEFEDA7F5}.Debug|x64.ActiveCfg = Debug|Any CPU
		{E55904B9-F8CC-48B6-89C2-051CEFEDA7F5}.Debug|x64.Build.0 = Debug|Any CPU
		{E55904B9-F8CC-48B6-89C2-051CEFEDA7F5}.Debug|x86.ActiveCfg = Debug|Any CPU
		{E55904B9-F8CC-48B6-89C2-051CEFEDA7F5}.Debug|x86.Build.0 = Debug|Any CPU
		{E55904B9-F8CC-48B6-89C2-051CEFEDA7F5}.Release|Any CPU.ActiveCfg = Release|Any CPU
		{E55904B9-F8CC-48B6-89C2-051CEFEDA7F5}.Release|Any CPU.Build.0 = Release|Any CPU
		{E55904B9-F8CC-48B6-89C2-051CEFEDA7F5}.Release|x64.ActiveCfg = Release|Any CPU
		{E55904B9-F8CC-48B6-89C2-051CEFEDA7F5}.Release|x64.Build.0 = Release|Any CPU
		{E55904B9-F8CC-48B6-89C2-051CEFEDA7F5}.Release|x86.ActiveCfg = Release|Any CPU
		{E55904B9-F8CC-48B6-89C2-051CEFEDA7F5}.Release|x86.Build.0 = Release|Any CPU
		{151E620E-392C-495C-9D67-1EEAF8FFB07B}.Debug|Any CPU.ActiveCfg = Debug|Any CPU
		{151E620E-392C-495C-9D67-1EEAF8FFB07B}.Debug|Any CPU.Build.0 = Debug|Any CPU
		{151E620E-392C-495C-9D67-1EEAF8FFB07B}.Debug|x64.ActiveCfg = Debug|Any CPU
		{151E620E-392C-495C-9D67-1EEAF8FFB07B}.Debug|x64.Build.0 = Debug|Any CPU
		{151E620E-392C-495C-9D67-1EEAF8FFB07B}.Debug|x86.ActiveCfg = Debug|Any CPU
		{151E620E-392C-495C-9D67-1EEAF8FFB07B}.Debug|x86.Build.0 = Debug|Any CPU
		{151E620E-392C-495C-9D67-1EEAF8FFB07B}.Release|Any CPU.ActiveCfg = Release|Any CPU
		{151E620E-392C-495C-9D67-1EEAF8FFB07B}.Release|Any CPU.Build.0 = Release|Any CPU
		{151E620E-392C-495C-9D67-1EEAF8FFB07B}.Release|x64.ActiveCfg = Release|Any CPU
		{151E620E-392C-495C-9D67-1EEAF8FFB07B}.Release|x64.Build.0 = Release|Any CPU
		{151E620E-392C-495C-9D67-1EEAF8FFB07B}.Release|x86.ActiveCfg = Release|Any CPU
		{151E620E-392C-495C-9D67-1EEAF8FFB07B}.Release|x86.Build.0 = Release|Any CPU
		{07F59521-DCCD-4273-9513-8CC7DAA7DF94}.Debug|Any CPU.ActiveCfg = Debug|Any CPU
		{07F59521-DCCD-4273-9513-8CC7DAA7DF94}.Debug|Any CPU.Build.0 = Debug|Any CPU
		{07F59521-DCCD-4273-9513-8CC7DAA7DF94}.Debug|x64.ActiveCfg = Debug|Any CPU
		{07F59521-DCCD-4273-9513-8CC7DAA7DF94}.Debug|x64.Build.0 = Debug|Any CPU
		{07F59521-DCCD-4273-9513-8CC7DAA7DF94}.Debug|x86.ActiveCfg = Debug|Any CPU
		{07F59521-DCCD-4273-9513-8CC7DAA7DF94}.Debug|x86.Build.0 = Debug|Any CPU
		{07F59521-DCCD-4273-9513-8CC7DAA7DF94}.Release|Any CPU.ActiveCfg = Release|Any CPU
		{07F59521-DCCD-4273-9513-8CC7DAA7DF94}.Release|Any CPU.Build.0 = Release|Any CPU
		{07F59521-DCCD-4273-9513-8CC7DAA7DF94}.Release|x64.ActiveCfg = Release|Any CPU
		{07F59521-DCCD-4273-9513-8CC7DAA7DF94}.Release|x64.Build.0 = Release|Any CPU
		{07F59521-DCCD-4273-9513-8CC7DAA7DF94}.Release|x86.ActiveCfg = Release|Any CPU
		{07F59521-DCCD-4273-9513-8CC7DAA7DF94}.Release|x86.Build.0 = Release|Any CPU
		{3AC72CBE-D144-4A3F-A6AF-444D9BAB72DF}.Debug|Any CPU.ActiveCfg = Debug|Any CPU
		{3AC72CBE-D144-4A3F-A6AF-444D9BAB72DF}.Debug|Any CPU.Build.0 = Debug|Any CPU
		{3AC72CBE-D144-4A3F-A6AF-444D9BAB72DF}.Debug|x64.ActiveCfg = Debug|Any CPU
		{3AC72CBE-D144-4A3F-A6AF-444D9BAB72DF}.Debug|x64.Build.0 = Debug|Any CPU
		{3AC72CBE-D144-4A3F-A6AF-444D9BAB72DF}.Debug|x86.ActiveCfg = Debug|Any CPU
		{3AC72CBE-D144-4A3F-A6AF-444D9BAB72DF}.Debug|x86.Build.0 = Debug|Any CPU
		{3AC72CBE-D144-4A3F-A6AF-444D9BAB72DF}.Release|Any CPU.ActiveCfg = Release|Any CPU
		{3AC72CBE-D144-4A3F-A6AF-444D9BAB72DF}.Release|Any CPU.Build.0 = Release|Any CPU
		{3AC72CBE-D144-4A3F-A6AF-444D9BAB72DF}.Release|x64.ActiveCfg = Release|Any CPU
		{3AC72CBE-D144-4A3F-A6AF-444D9BAB72DF}.Release|x64.Build.0 = Release|Any CPU
		{3AC72CBE-D144-4A3F-A6AF-444D9BAB72DF}.Release|x86.ActiveCfg = Release|Any CPU
		{3AC72CBE-D144-4A3F-A6AF-444D9BAB72DF}.Release|x86.Build.0 = Release|Any CPU
		{9837099B-A5FB-4CAC-AD6C-5C419D7A4319}.Debug|Any CPU.ActiveCfg = Debug|Any CPU
		{9837099B-A5FB-4CAC-AD6C-5C419D7A4319}.Debug|Any CPU.Build.0 = Debug|Any CPU
		{9837099B-A5FB-4CAC-AD6C-5C419D7A4319}.Debug|x64.ActiveCfg = Debug|Any CPU
		{9837099B-A5FB-4CAC-AD6C-5C419D7A4319}.Debug|x64.Build.0 = Debug|Any CPU
		{9837099B-A5FB-4CAC-AD6C-5C419D7A4319}.Debug|x86.ActiveCfg = Debug|Any CPU
		{9837099B-A5FB-4CAC-AD6C-5C419D7A4319}.Debug|x86.Build.0 = Debug|Any CPU
		{9837099B-A5FB-4CAC-AD6C-5C419D7A4319}.Release|Any CPU.ActiveCfg = Release|Any CPU
		{9837099B-A5FB-4CAC-AD6C-5C419D7A4319}.Release|Any CPU.Build.0 = Release|Any CPU
		{9837099B-A5FB-4CAC-AD6C-5C419D7A4319}.Release|x64.ActiveCfg = Release|Any CPU
		{9837099B-A5FB-4CAC-AD6C-5C419D7A4319}.Release|x64.Build.0 = Release|Any CPU
		{9837099B-A5FB-4CAC-AD6C-5C419D7A4319}.Release|x86.ActiveCfg = Release|Any CPU
		{9837099B-A5FB-4CAC-AD6C-5C419D7A4319}.Release|x86.Build.0 = Release|Any CPU
		{A1EF539D-EBBE-476B-89C8-4E89078FAE1B}.Debug|Any CPU.ActiveCfg = Debug|Any CPU
		{A1EF539D-EBBE-476B-89C8-4E89078FAE1B}.Debug|Any CPU.Build.0 = Debug|Any CPU
		{A1EF539D-EBBE-476B-89C8-4E89078FAE1B}.Debug|x64.ActiveCfg = Debug|Any CPU
		{A1EF539D-EBBE-476B-89C8-4E89078FAE1B}.Debug|x64.Build.0 = Debug|Any CPU
		{A1EF539D-EBBE-476B-89C8-4E89078FAE1B}.Debug|x86.ActiveCfg = Debug|Any CPU
		{A1EF539D-EBBE-476B-89C8-4E89078FAE1B}.Debug|x86.Build.0 = Debug|Any CPU
		{A1EF539D-EBBE-476B-89C8-4E89078FAE1B}.Release|Any CPU.ActiveCfg = Release|Any CPU
		{A1EF539D-EBBE-476B-89C8-4E89078FAE1B}.Release|Any CPU.Build.0 = Release|Any CPU
		{A1EF539D-EBBE-476B-89C8-4E89078FAE1B}.Release|x64.ActiveCfg = Release|Any CPU
		{A1EF539D-EBBE-476B-89C8-4E89078FAE1B}.Release|x64.Build.0 = Release|Any CPU
		{A1EF539D-EBBE-476B-89C8-4E89078FAE1B}.Release|x86.ActiveCfg = Release|Any CPU
		{A1EF539D-EBBE-476B-89C8-4E89078FAE1B}.Release|x86.Build.0 = Release|Any CPU
		{9BE087FF-8991-4ACD-B3E3-894C3CD691A5}.Debug|Any CPU.ActiveCfg = Debug|Any CPU
		{9BE087FF-8991-4ACD-B3E3-894C3CD691A5}.Debug|Any CPU.Build.0 = Debug|Any CPU
		{9BE087FF-8991-4ACD-B3E3-894C3CD691A5}.Debug|x64.ActiveCfg = Debug|Any CPU
		{9BE087FF-8991-4ACD-B3E3-894C3CD691A5}.Debug|x64.Build.0 = Debug|Any CPU
		{9BE087FF-8991-4ACD-B3E3-894C3CD691A5}.Debug|x86.ActiveCfg = Debug|Any CPU
		{9BE087FF-8991-4ACD-B3E3-894C3CD691A5}.Debug|x86.Build.0 = Debug|Any CPU
		{9BE087FF-8991-4ACD-B3E3-894C3CD691A5}.Release|Any CPU.ActiveCfg = Release|Any CPU
		{9BE087FF-8991-4ACD-B3E3-894C3CD691A5}.Release|Any CPU.Build.0 = Release|Any CPU
		{9BE087FF-8991-4ACD-B3E3-894C3CD691A5}.Release|x64.ActiveCfg = Release|Any CPU
		{9BE087FF-8991-4ACD-B3E3-894C3CD691A5}.Release|x64.Build.0 = Release|Any CPU
		{9BE087FF-8991-4ACD-B3E3-894C3CD691A5}.Release|x86.ActiveCfg = Release|Any CPU
		{9BE087FF-8991-4ACD-B3E3-894C3CD691A5}.Release|x86.Build.0 = Release|Any CPU
		{72926132-A7DA-4628-91D9-80E57A915945}.Debug|Any CPU.ActiveCfg = Debug|Any CPU
		{72926132-A7DA-4628-91D9-80E57A915945}.Debug|Any CPU.Build.0 = Debug|Any CPU
		{72926132-A7DA-4628-91D9-80E57A915945}.Debug|x64.ActiveCfg = Debug|Any CPU
		{72926132-A7DA-4628-91D9-80E57A915945}.Debug|x64.Build.0 = Debug|Any CPU
		{72926132-A7DA-4628-91D9-80E57A915945}.Debug|x86.ActiveCfg = Debug|Any CPU
		{72926132-A7DA-4628-91D9-80E57A915945}.Debug|x86.Build.0 = Debug|Any CPU
		{72926132-A7DA-4628-91D9-80E57A915945}.Release|Any CPU.ActiveCfg = Release|Any CPU
		{72926132-A7DA-4628-91D9-80E57A915945}.Release|Any CPU.Build.0 = Release|Any CPU
		{72926132-A7DA-4628-91D9-80E57A915945}.Release|x64.ActiveCfg = Release|Any CPU
		{72926132-A7DA-4628-91D9-80E57A915945}.Release|x64.Build.0 = Release|Any CPU
		{72926132-A7DA-4628-91D9-80E57A915945}.Release|x86.ActiveCfg = Release|Any CPU
		{72926132-A7DA-4628-91D9-80E57A915945}.Release|x86.Build.0 = Release|Any CPU
		{A196A419-9DCB-4616-BE3B-EF7B13BE9837}.Debug|Any CPU.ActiveCfg = Debug|Any CPU
		{A196A419-9DCB-4616-BE3B-EF7B13BE9837}.Debug|Any CPU.Build.0 = Debug|Any CPU
		{A196A419-9DCB-4616-BE3B-EF7B13BE9837}.Debug|x64.ActiveCfg = Debug|Any CPU
		{A196A419-9DCB-4616-BE3B-EF7B13BE9837}.Debug|x64.Build.0 = Debug|Any CPU
		{A196A419-9DCB-4616-BE3B-EF7B13BE9837}.Debug|x86.ActiveCfg = Debug|Any CPU
		{A196A419-9DCB-4616-BE3B-EF7B13BE9837}.Debug|x86.Build.0 = Debug|Any CPU
		{A196A419-9DCB-4616-BE3B-EF7B13BE9837}.Release|Any CPU.ActiveCfg = Release|Any CPU
		{A196A419-9DCB-4616-BE3B-EF7B13BE9837}.Release|Any CPU.Build.0 = Release|Any CPU
		{A196A419-9DCB-4616-BE3B-EF7B13BE9837}.Release|x64.ActiveCfg = Release|Any CPU
		{A196A419-9DCB-4616-BE3B-EF7B13BE9837}.Release|x64.Build.0 = Release|Any CPU
		{A196A419-9DCB-4616-BE3B-EF7B13BE9837}.Release|x86.ActiveCfg = Release|Any CPU
		{A196A419-9DCB-4616-BE3B-EF7B13BE9837}.Release|x86.Build.0 = Release|Any CPU
		{8D899111-FE8F-42CC-BFC1-51D840D0603A}.Debug|Any CPU.ActiveCfg = Debug|Any CPU
		{8D899111-FE8F-42CC-BFC1-51D840D0603A}.Debug|Any CPU.Build.0 = Debug|Any CPU
		{8D899111-FE8F-42CC-BFC1-51D840D0603A}.Debug|x64.ActiveCfg = Debug|Any CPU
		{8D899111-FE8F-42CC-BFC1-51D840D0603A}.Debug|x64.Build.0 = Debug|Any CPU
		{8D899111-FE8F-42CC-BFC1-51D840D0603A}.Debug|x86.ActiveCfg = Debug|Any CPU
		{8D899111-FE8F-42CC-BFC1-51D840D0603A}.Debug|x86.Build.0 = Debug|Any CPU
		{8D899111-FE8F-42CC-BFC1-51D840D0603A}.Release|Any CPU.ActiveCfg = Release|Any CPU
		{8D899111-FE8F-42CC-BFC1-51D840D0603A}.Release|Any CPU.Build.0 = Release|Any CPU
		{8D899111-FE8F-42CC-BFC1-51D840D0603A}.Release|x64.ActiveCfg = Release|Any CPU
		{8D899111-FE8F-42CC-BFC1-51D840D0603A}.Release|x64.Build.0 = Release|Any CPU
		{8D899111-FE8F-42CC-BFC1-51D840D0603A}.Release|x86.ActiveCfg = Release|Any CPU
		{8D899111-FE8F-42CC-BFC1-51D840D0603A}.Release|x86.Build.0 = Release|Any CPU
		{9EA728DB-2C22-4880-B0DA-951171D0E83F}.Debug|Any CPU.ActiveCfg = Debug|Any CPU
		{9EA728DB-2C22-4880-B0DA-951171D0E83F}.Debug|Any CPU.Build.0 = Debug|Any CPU
		{9EA728DB-2C22-4880-B0DA-951171D0E83F}.Debug|x64.ActiveCfg = Debug|Any CPU
		{9EA728DB-2C22-4880-B0DA-951171D0E83F}.Debug|x64.Build.0 = Debug|Any CPU
		{9EA728DB-2C22-4880-B0DA-951171D0E83F}.Debug|x86.ActiveCfg = Debug|Any CPU
		{9EA728DB-2C22-4880-B0DA-951171D0E83F}.Debug|x86.Build.0 = Debug|Any CPU
		{9EA728DB-2C22-4880-B0DA-951171D0E83F}.Release|Any CPU.ActiveCfg = Release|Any CPU
		{9EA728DB-2C22-4880-B0DA-951171D0E83F}.Release|Any CPU.Build.0 = Release|Any CPU
		{9EA728DB-2C22-4880-B0DA-951171D0E83F}.Release|x64.ActiveCfg = Release|Any CPU
		{9EA728DB-2C22-4880-B0DA-951171D0E83F}.Release|x64.Build.0 = Release|Any CPU
		{9EA728DB-2C22-4880-B0DA-951171D0E83F}.Release|x86.ActiveCfg = Release|Any CPU
		{9EA728DB-2C22-4880-B0DA-951171D0E83F}.Release|x86.Build.0 = Release|Any CPU
		{DAB0F04D-0B0C-4DCE-8B35-E7ACF2E09D5E}.Debug|Any CPU.ActiveCfg = Debug|Any CPU
		{DAB0F04D-0B0C-4DCE-8B35-E7ACF2E09D5E}.Debug|Any CPU.Build.0 = Debug|Any CPU
		{DAB0F04D-0B0C-4DCE-8B35-E7ACF2E09D5E}.Debug|x64.ActiveCfg = Debug|Any CPU
		{DAB0F04D-0B0C-4DCE-8B35-E7ACF2E09D5E}.Debug|x64.Build.0 = Debug|Any CPU
		{DAB0F04D-0B0C-4DCE-8B35-E7ACF2E09D5E}.Debug|x86.ActiveCfg = Debug|Any CPU
		{DAB0F04D-0B0C-4DCE-8B35-E7ACF2E09D5E}.Debug|x86.Build.0 = Debug|Any CPU
		{DAB0F04D-0B0C-4DCE-8B35-E7ACF2E09D5E}.Release|Any CPU.ActiveCfg = Release|Any CPU
		{DAB0F04D-0B0C-4DCE-8B35-E7ACF2E09D5E}.Release|Any CPU.Build.0 = Release|Any CPU
		{DAB0F04D-0B0C-4DCE-8B35-E7ACF2E09D5E}.Release|x64.ActiveCfg = Release|Any CPU
		{DAB0F04D-0B0C-4DCE-8B35-E7ACF2E09D5E}.Release|x64.Build.0 = Release|Any CPU
		{DAB0F04D-0B0C-4DCE-8B35-E7ACF2E09D5E}.Release|x86.ActiveCfg = Release|Any CPU
		{DAB0F04D-0B0C-4DCE-8B35-E7ACF2E09D5E}.Release|x86.Build.0 = Release|Any CPU
		{65035E20-513C-4533-8763-677F5463AAC1}.Debug|Any CPU.ActiveCfg = Debug|Any CPU
		{65035E20-513C-4533-8763-677F5463AAC1}.Debug|Any CPU.Build.0 = Debug|Any CPU
		{65035E20-513C-4533-8763-677F5463AAC1}.Debug|x64.ActiveCfg = Debug|Any CPU
		{65035E20-513C-4533-8763-677F5463AAC1}.Debug|x64.Build.0 = Debug|Any CPU
		{65035E20-513C-4533-8763-677F5463AAC1}.Debug|x86.ActiveCfg = Debug|Any CPU
		{65035E20-513C-4533-8763-677F5463AAC1}.Debug|x86.Build.0 = Debug|Any CPU
		{65035E20-513C-4533-8763-677F5463AAC1}.Release|Any CPU.ActiveCfg = Release|Any CPU
		{65035E20-513C-4533-8763-677F5463AAC1}.Release|Any CPU.Build.0 = Release|Any CPU
		{65035E20-513C-4533-8763-677F5463AAC1}.Release|x64.ActiveCfg = Release|Any CPU
		{65035E20-513C-4533-8763-677F5463AAC1}.Release|x64.Build.0 = Release|Any CPU
		{65035E20-513C-4533-8763-677F5463AAC1}.Release|x86.ActiveCfg = Release|Any CPU
		{65035E20-513C-4533-8763-677F5463AAC1}.Release|x86.Build.0 = Release|Any CPU
		{452516A0-915A-45D3-8629-8AC535044492}.Debug|Any CPU.ActiveCfg = Debug|Any CPU
		{452516A0-915A-45D3-8629-8AC535044492}.Debug|Any CPU.Build.0 = Debug|Any CPU
		{452516A0-915A-45D3-8629-8AC535044492}.Debug|x64.ActiveCfg = Debug|Any CPU
		{452516A0-915A-45D3-8629-8AC535044492}.Debug|x64.Build.0 = Debug|Any CPU
		{452516A0-915A-45D3-8629-8AC535044492}.Debug|x86.ActiveCfg = Debug|Any CPU
		{452516A0-915A-45D3-8629-8AC535044492}.Debug|x86.Build.0 = Debug|Any CPU
		{452516A0-915A-45D3-8629-8AC535044492}.Release|Any CPU.ActiveCfg = Release|Any CPU
		{452516A0-915A-45D3-8629-8AC535044492}.Release|Any CPU.Build.0 = Release|Any CPU
		{452516A0-915A-45D3-8629-8AC535044492}.Release|x64.ActiveCfg = Release|Any CPU
		{452516A0-915A-45D3-8629-8AC535044492}.Release|x64.Build.0 = Release|Any CPU
		{452516A0-915A-45D3-8629-8AC535044492}.Release|x86.ActiveCfg = Release|Any CPU
		{452516A0-915A-45D3-8629-8AC535044492}.Release|x86.Build.0 = Release|Any CPU
	EndGlobalSection
	GlobalSection(SolutionProperties) = preSolution
		HideSolutionNode = FALSE
	EndGlobalSection
	GlobalSection(NestedProjects) = preSolution
		{43CBBAFA-4AFB-4951-BF35-7EBFCC9187D1} = {63945976-BD2B-4C66-B9C3-BABAD538837D}
		{1D3C7B30-A456-48E7-AA64-88DA5DBFE9AA} = {43CBBAFA-4AFB-4951-BF35-7EBFCC9187D1}
		{846E4ABE-5CBA-43B3-9593-C9692DEB9647} = {B17CF63C-D4C7-4AE9-9BDA-44FC83BB3892}
		{02AEB557-11B0-430C-98A7-3FB934D35B68} = {B17CF63C-D4C7-4AE9-9BDA-44FC83BB3892}
		{1A265B1B-C54C-4E63-898B-69CFA7A22091} = {B17CF63C-D4C7-4AE9-9BDA-44FC83BB3892}
		{E2C14877-B80A-4C51-9273-E3A66FEFD823} = {C98EEE0E-17AD-4B00-8F63-295212056AA7}
		{4B738C15-EA7B-4976-AF5F-0FC19193DBF6} = {C98EEE0E-17AD-4B00-8F63-295212056AA7}
		{313E4C0C-291A-440B-9524-0580A8FDC963} = {B17CF63C-D4C7-4AE9-9BDA-44FC83BB3892}
		{5B804D2B-A7F3-463E-9B02-5B71DAE7A4FE} = {63945976-BD2B-4C66-B9C3-BABAD538837D}
		{E55904B9-F8CC-48B6-89C2-051CEFEDA7F5} = {5B804D2B-A7F3-463E-9B02-5B71DAE7A4FE}
		{151E620E-392C-495C-9D67-1EEAF8FFB07B} = {5B804D2B-A7F3-463E-9B02-5B71DAE7A4FE}
		{07F59521-DCCD-4273-9513-8CC7DAA7DF94} = {5B804D2B-A7F3-463E-9B02-5B71DAE7A4FE}
		{3AC72CBE-D144-4A3F-A6AF-444D9BAB72DF} = {B17CF63C-D4C7-4AE9-9BDA-44FC83BB3892}
		{9837099B-A5FB-4CAC-AD6C-5C419D7A4319} = {B17CF63C-D4C7-4AE9-9BDA-44FC83BB3892}
		{A1EF539D-EBBE-476B-89C8-4E89078FAE1B} = {B17CF63C-D4C7-4AE9-9BDA-44FC83BB3892}
		{9BE087FF-8991-4ACD-B3E3-894C3CD691A5} = {B17CF63C-D4C7-4AE9-9BDA-44FC83BB3892}
		{72926132-A7DA-4628-91D9-80E57A915945} = {C98EEE0E-17AD-4B00-8F63-295212056AA7}
		{B17CF63C-D4C7-4AE9-9BDA-44FC83BB3892} = {63945976-BD2B-4C66-B9C3-BABAD538837D}
		{C98EEE0E-17AD-4B00-8F63-295212056AA7} = {63945976-BD2B-4C66-B9C3-BABAD538837D}
		{A196A419-9DCB-4616-BE3B-EF7B13BE9837} = {DAD130CC-CE20-40FB-88CF-AB55CC2B4CE7}
		{8D899111-FE8F-42CC-BFC1-51D840D0603A} = {DAD130CC-CE20-40FB-88CF-AB55CC2B4CE7}
		{DAD130CC-CE20-40FB-88CF-AB55CC2B4CE7} = {63945976-BD2B-4C66-B9C3-BABAD538837D}
		{9EA728DB-2C22-4880-B0DA-951171D0E83F} = {C98EEE0E-17AD-4B00-8F63-295212056AA7}
		{DAB0F04D-0B0C-4DCE-8B35-E7ACF2E09D5E} = {C98EEE0E-17AD-4B00-8F63-295212056AA7}
		{65035E20-513C-4533-8763-677F5463AAC1} = {B17CF63C-D4C7-4AE9-9BDA-44FC83BB3892}
		{452516A0-915A-45D3-8629-8AC535044492} = {43CBBAFA-4AFB-4951-BF35-7EBFCC9187D1}
	EndGlobalSection
	GlobalSection(ExtensibilityGlobals) = postSolution
		SolutionGuid = {6F7C9AB4-22C4-485D-BF3E-67CF94045749}
	EndGlobalSection
EndGlobal
